
Microsoft Visual Studio Solution File, Format Version 12.00
# Visual Studio Version 16
VisualStudioVersion = 16.0.35026.282
MinimumVisualStudioVersion = 10.0.40219.1
Project("{8BC9CEB8-8B4A-11D0-8D11-00A0C91BC942}") = "etwconsumer", "etwconsumer\etwconsumer.vcxproj", "{B2442B04-4959-4BF2-B7F2-E3D3420AF6AC}"
EndProject
Project("{2150E333-8FDC-42A3-9474-1A3956D46DE8}") = "Solution Items", "Solution Items", "{321AFC53-637B-40FF-96D3-D85F9AED80F7}"
	ProjectSection(SolutionItems) = preProject
		.editorconfig = .editorconfig
	EndProjectSection
EndProject
Global
	GlobalSection(SolutionConfigurationPlatforms) = preSolution
		Debug|x64 = Debug|x64
		Debug|x86 = Debug|x86
		Release|x64 = Release|x64
		Release|x86 = Release|x86
	EndGlobalSection
	GlobalSection(ProjectConfigurationPlatforms) = postSolution
		{B2442B04-4959-4BF2-B7F2-E3D3420AF6AC}.Debug|x64.ActiveCfg = Debug|x64
		{B2442B04-4959-4BF2-B7F2-E3D3420AF6AC}.Debug|x64.Build.0 = Debug|x64
		{B2442B04-4959-4BF2-B7F2-E3D3420AF6AC}.Debug|x86.ActiveCfg = Debug|Win32
		{B2442B04-4959-4BF2-B7F2-E3D3420AF6AC}.Debug|x86.Build.0 = Debug|Win32
		{B2442B04-4959-4BF2-B7F2-E3D3420AF6AC}.Release|x64.ActiveCfg = Release|x64
		{B2442B04-4959-4BF2-B7F2-E3D3420AF6AC}.Release|x64.Build.0 = Release|x64
		{B2442B04-4959-4BF2-B7F2-E3D3420AF6AC}.Release|x86.ActiveCfg = Release|Win32
		{B2442B04-4959-4BF2-B7F2-E3D3420AF6AC}.Release|x86.Build.0 = Release|Win32
	EndGlobalSection
	GlobalSection(SolutionProperties) = preSolution
		HideSolutionNode = FALSE
	EndGlobalSection
	GlobalSection(ExtensibilityGlobals) = postSolution
		SolutionGuid = {9265B930-DDF1-47B2-A2BF-CAED430825F3}
	EndGlobalSection
EndGlobal
